
Microsoft Visual Studio Solution File, Format Version 12.00
# Visual Studio Version 17
VisualStudioVersion = 17.9.34728.123
MinimumVisualStudioVersion = 10.0.40219.1
Project("{FAE04EC0-301F-11D3-BF4B-00C04F79EFBC}") = "CarWorkshopManagementSystem", "CarWorkshopManagementSystem.csproj", "{E97426B8-A274-47C7-A37F-46CB7E5552DC}"
EndProject
Global
	GlobalSection(SolutionConfigurationPlatforms) = preSolution
		Debug|Any CPU = Debug|Any CPU
		Release|Any CPU = Release|Any CPU
	EndGlobalSection
	GlobalSection(ProjectConfigurationPlatforms) = postSolution
		{E97426B8-A274-47C7-A37F-46CB7E5552DC}.Debug|Any CPU.ActiveCfg = Debug|Any CPU
		{E97426B8-A274-47C7-A37F-46CB7E5552DC}.Debug|Any CPU.Build.0 = Debug|Any CPU
		{E97426B8-A274-47C7-A37F-46CB7E5552DC}.Release|Any CPU.ActiveCfg = Release|Any CPU
		{E97426B8-A274-47C7-A37F-46CB7E5552DC}.Release|Any CPU.Build.0 = Release|Any CPU
	EndGlobalSection
	GlobalSection(SolutionProperties) = preSolution
		HideSolutionNode = FALSE
	EndGlobalSection
	GlobalSection(ExtensibilityGlobals) = postSolution
		SolutionGuid = {1B4C077D-A52D-470E-B462-A0EAE453F770}
	EndGlobalSection
EndGlobal
